
Microsoft Visual Studio Solution File, Format Version 12.00
Project("{FAE04EC0-301F-11D3-BF4B-00C04F79EFBC}") = "_07Construtor", "_07Construtor\_07Construtor.csproj", "{75370243-31D9-4273-8D21-73C79688CA62}"
EndProject
Global
	GlobalSection(SolutionConfigurationPlatforms) = preSolution
		Debug|Any CPU = Debug|Any CPU
		Release|Any CPU = Release|Any CPU
	EndGlobalSection
	GlobalSection(ProjectConfigurationPlatforms) = postSolution
		{75370243-31D9-4273-8D21-73C79688CA62}.Debug|Any CPU.ActiveCfg = Debug|Any CPU
		{75370243-31D9-4273-8D21-73C79688CA62}.Debug|Any CPU.Build.0 = Debug|Any CPU
		{75370243-31D9-4273-8D21-73C79688CA62}.Release|Any CPU.ActiveCfg = Release|Any CPU
		{75370243-31D9-4273-8D21-73C79688CA62}.Release|Any CPU.Build.0 = Release|Any CPU
	EndGlobalSection
EndGlobal
