
Microsoft Visual Studio Solution File, Format Version 12.00
Project("{FAE04EC0-301F-11D3-BF4B-00C04F79EFBC}") = "_13Abstracao", "_13Abstracao\_13Abstracao.csproj", "{13EEFF2E-8959-41A3-9BCE-E259BE3A4093}"
EndProject
Global
	GlobalSection(SolutionConfigurationPlatforms) = preSolution
		Debug|Any CPU = Debug|Any CPU
		Release|Any CPU = Release|Any CPU
	EndGlobalSection
	GlobalSection(ProjectConfigurationPlatforms) = postSolution
		{13EEFF2E-8959-41A3-9BCE-E259BE3A4093}.Debug|Any CPU.ActiveCfg = Debug|Any CPU
		{13EEFF2E-8959-41A3-9BCE-E259BE3A4093}.Debug|Any CPU.Build.0 = Debug|Any CPU
		{13EEFF2E-8959-41A3-9BCE-E259BE3A4093}.Release|Any CPU.ActiveCfg = Release|Any CPU
		{13EEFF2E-8959-41A3-9BCE-E259BE3A4093}.Release|Any CPU.Build.0 = Release|Any CPU
	EndGlobalSection
EndGlobal
