
Microsoft Visual Studio Solution File, Format Version 12.00
Project("{FAE04EC0-301F-11D3-BF4B-00C04F79EFBC}") = "_06Encapsulamento", "_06Encapsulamento\_06Encapsulamento.csproj", "{B9124BFE-2107-49E7-B4EE-023AF38C5335}"
EndProject
Global
	GlobalSection(SolutionConfigurationPlatforms) = preSolution
		Debug|Any CPU = Debug|Any CPU
		Release|Any CPU = Release|Any CPU
	EndGlobalSection
	GlobalSection(ProjectConfigurationPlatforms) = postSolution
		{B9124BFE-2107-49E7-B4EE-023AF38C5335}.Debug|Any CPU.ActiveCfg = Debug|Any CPU
		{B9124BFE-2107-49E7-B4EE-023AF38C5335}.Debug|Any CPU.Build.0 = Debug|Any CPU
		{B9124BFE-2107-49E7-B4EE-023AF38C5335}.Release|Any CPU.ActiveCfg = Release|Any CPU
		{B9124BFE-2107-49E7-B4EE-023AF38C5335}.Release|Any CPU.Build.0 = Release|Any CPU
	EndGlobalSection
EndGlobal
